// !$*UTF8*$!
{
	archiveVersion = 1;
	classes = {
	};
	objectVersion = 46;
	objects = {

/* Begin PBXBuildFile section */
		272E7BD71C3B6E3B0055C69D /* main.m in Sources */ = {isa = PBXBuildFile; fileRef = 272E7BD61C3B6E3B0055C69D /* main.m */; };
		272E7BDA1C3B6E3B0055C69D /* AppDelegate.m in Sources */ = {isa = PBXBuildFile; fileRef = 272E7BD91C3B6E3B0055C69D /* AppDelegate.m */; };
		272E7BE31C3B6E3B0055C69D /* Main.storyboard in Resources */ = {isa = PBXBuildFile; fileRef = 272E7BE11C3B6E3B0055C69D /* Main.storyboard */; };
		272E7BE51C3B6E3B0055C69D /* Assets.xcassets in Resources */ = {isa = PBXBuildFile; fileRef = 272E7BE41C3B6E3B0055C69D /* Assets.xcassets */; };
		272E7BE81C3B6E3B0055C69D /* LaunchScreen.storyboard in Resources */ = {isa = PBXBuildFile; fileRef = 272E7BE61C3B6E3B0055C69D /* LaunchScreen.storyboard */; };
		272E7BF31C3B6E3C0055C69D /* TCaS_MobileTests.m in Sources */ = {isa = PBXBuildFile; fileRef = 272E7BF21C3B6E3C0055C69D /* TCaS_MobileTests.m */; };
		272E7BFE1C3B6E3C0055C69D /* TCaS_MobileUITests.m in Sources */ = {isa = PBXBuildFile; fileRef = 272E7BFD1C3B6E3C0055C69D /* TCaS_MobileUITests.m */; };
		272E7C571C3E48530055C69D /* LoginViewController.m in Sources */ = {isa = PBXBuildFile; fileRef = 272E7C561C3E48530055C69D /* LoginViewController.m */; };
		272E7C5A1C442C3A0055C69D /* TCaSSession.m in Sources */ = {isa = PBXBuildFile; fileRef = 272E7C591C442C3A0055C69D /* TCaSSession.m */; };
/* End PBXBuildFile section */

/* Begin PBXContainerItemProxy section */
		272E7BEF1C3B6E3C0055C69D /* PBXContainerItemProxy */ = {
			isa = PBXContainerItemProxy;
			containerPortal = 272E7BCA1C3B6E3B0055C69D /* Project object */;
			proxyType = 1;
			remoteGlobalIDString = 272E7BD11C3B6E3B0055C69D;
			remoteInfo = "TCaS Mobile";
		};
		272E7BFA1C3B6E3C0055C69D /* PBXContainerItemProxy */ = {
			isa = PBXContainerItemProxy;
			containerPortal = 272E7BCA1C3B6E3B0055C69D /* Project object */;
			proxyType = 1;
			remoteGlobalIDString = 272E7BD11C3B6E3B0055C69D;
			remoteInfo = "TCaS Mobile";
		};
/* End PBXContainerItemProxy section */

/* Begin PBXFileReference section */
		272E7BD21C3B6E3B0055C69D /* TCaS Mobile.app */ = {isa = PBXFileReference; explicitFileType = wrapper.application; includeInIndex = 0; path = "TCaS Mobile.app"; sourceTree = BUILT_PRODUCTS_DIR; };
		272E7BD61C3B6E3B0055C69D /* main.m */ = {isa = PBXFileReference; lastKnownFileType = sourcecode.c.objc; path = main.m; sourceTree = "<group>"; };
		272E7BD81C3B6E3B0055C69D /* AppDelegate.h */ = {isa = PBXFileReference; lastKnownFileType = sourcecode.c.h; path = AppDelegate.h; sourceTree = "<group>"; };
		272E7BD91C3B6E3B0055C69D /* AppDelegate.m */ = {isa = PBXFileReference; lastKnownFileType = sourcecode.c.objc; path = AppDelegate.m; sourceTree = "<group>"; };
		272E7BE21C3B6E3B0055C69D /* Base */ = {isa = PBXFileReference; lastKnownFileType = file.storyboard; name = Base; path = Base.lproj/Main.storyboard; sourceTree = "<group>"; };
		272E7BE41C3B6E3B0055C69D /* Assets.xcassets */ = {isa = PBXFileReference; lastKnownFileType = folder.assetcatalog; path = Assets.xcassets; sourceTree = "<group>"; };
		272E7BE71C3B6E3B0055C69D /* Base */ = {isa = PBXFileReference; lastKnownFileType = file.storyboard; name = Base; path = Base.lproj/LaunchScreen.storyboard; sourceTree = "<group>"; };
		272E7BE91C3B6E3B0055C69D /* Info.plist */ = {isa = PBXFileReference; lastKnownFileType = text.plist.xml; path = Info.plist; sourceTree = "<group>"; };
		272E7BEE1C3B6E3C0055C69D /* TCaS MobileTests.xctest */ = {isa = PBXFileReference; explicitFileType = wrapper.cfbundle; includeInIndex = 0; path = "TCaS MobileTests.xctest"; sourceTree = BUILT_PRODUCTS_DIR; };
		272E7BF21C3B6E3C0055C69D /* TCaS_MobileTests.m */ = {isa = PBXFileReference; lastKnownFileType = sourcecode.c.objc; path = TCaS_MobileTests.m; sourceTree = "<group>"; };
		272E7BF41C3B6E3C0055C69D /* Info.plist */ = {isa = PBXFileReference; lastKnownFileType = text.plist.xml; path = Info.plist; sourceTree = "<group>"; };
		272E7BF91C3B6E3C0055C69D /* TCaS MobileUITests.xctest */ = {isa = PBXFileReference; explicitFileType = wrapper.cfbundle; includeInIndex = 0; path = "TCaS MobileUITests.xctest"; sourceTree = BUILT_PRODUCTS_DIR; };
		272E7BFD1C3B6E3C0055C69D /* TCaS_MobileUITests.m */ = {isa = PBXFileReference; lastKnownFileType = sourcecode.c.objc; path = TCaS_MobileUITests.m; sourceTree = "<group>"; };
		272E7BFF1C3B6E3C0055C69D /* Info.plist */ = {isa = PBXFileReference; lastKnownFileType = text.plist.xml; path = Info.plist; sourceTree = "<group>"; };
		272E7C551C3E48530055C69D /* LoginViewController.h */ = {isa = PBXFileReference; fileEncoding = 4; lastKnownFileType = sourcecode.c.h; path = LoginViewController.h; sourceTree = "<group>"; };
		272E7C561C3E48530055C69D /* LoginViewController.m */ = {isa = PBXFileReference; fileEncoding = 4; lastKnownFileType = sourcecode.c.objc; path = LoginViewController.m; sourceTree = "<group>"; };
		272E7C581C442C3A0055C69D /* TCaSSession.h */ = {isa = PBXFileReference; fileEncoding = 4; lastKnownFileType = sourcecode.c.h; path = TCaSSession.h; sourceTree = "<group>"; };
		272E7C591C442C3A0055C69D /* TCaSSession.m */ = {isa = PBXFileReference; fileEncoding = 4; lastKnownFileType = sourcecode.c.objc; path = TCaSSession.m; sourceTree = "<group>"; };
/* End PBXFileReference section */

/* Begin PBXFrameworksBuildPhase section */
		272E7BCF1C3B6E3B0055C69D /* Frameworks */ = {
			isa = PBXFrameworksBuildPhase;
			buildActionMask = 2147483647;
			files = (
			);
			runOnlyForDeploymentPostprocessing = 0;
		};
		272E7BEB1C3B6E3C0055C69D /* Frameworks */ = {
			isa = PBXFrameworksBuildPhase;
			buildActionMask = 2147483647;
			files = (
			);
			runOnlyForDeploymentPostprocessing = 0;
		};
		272E7BF61C3B6E3C0055C69D /* Frameworks */ = {
			isa = PBXFrameworksBuildPhase;
			buildActionMask = 2147483647;
			files = (
			);
			runOnlyForDeploymentPostprocessing = 0;
		};
/* End PBXFrameworksBuildPhase section */

/* Begin PBXGroup section */
		272E7BC91C3B6E3B0055C69D = {
			isa = PBXGroup;
			children = (
				272E7BD41C3B6E3B0055C69D /* TCaS Mobile */,
				272E7BF11C3B6E3C0055C69D /* TCaS MobileTests */,
				272E7BFC1C3B6E3C0055C69D /* TCaS MobileUITests */,
				272E7BD31C3B6E3B0055C69D /* Products */,
			);
			sourceTree = "<group>";
		};
		272E7BD31C3B6E3B0055C69D /* Products */ = {
			isa = PBXGroup;
			children = (
				272E7BD21C3B6E3B0055C69D /* TCaS Mobile.app */,
				272E7BEE1C3B6E3C0055C69D /* TCaS MobileTests.xctest */,
				272E7BF91C3B6E3C0055C69D /* TCaS MobileUITests.xctest */,
			);
			name = Products;
			sourceTree = "<group>";
		};
		272E7BD41C3B6E3B0055C69D /* TCaS Mobile */ = {
			isa = PBXGroup;
			children = (
				272E7BD81C3B6E3B0055C69D /* AppDelegate.h */,
				272E7BD91C3B6E3B0055C69D /* AppDelegate.m */,
				272E7BE11C3B6E3B0055C69D /* Main.storyboard */,
				272E7C551C3E48530055C69D /* LoginViewController.h */,
				272E7C561C3E48530055C69D /* LoginViewController.m */,
				272E7C581C442C3A0055C69D /* TCaSSession.h */,
				272E7C591C442C3A0055C69D /* TCaSSession.m */,
				272E7BE41C3B6E3B0055C69D /* Assets.xcassets */,
				272E7BE61C3B6E3B0055C69D /* LaunchScreen.storyboard */,
				272E7BE91C3B6E3B0055C69D /* Info.plist */,
				272E7BD51C3B6E3B0055C69D /* Supporting Files */,
			);
			path = "TCaS Mobile";
			sourceTree = "<group>";
		};
		272E7BD51C3B6E3B0055C69D /* Supporting Files */ = {
			isa = PBXGroup;
			children = (
				272E7BD61C3B6E3B0055C69D /* main.m */,
			);
			name = "Supporting Files";
			sourceTree = "<group>";
		};
		272E7BF11C3B6E3C0055C69D /* TCaS MobileTests */ = {
			isa = PBXGroup;
			children = (
				272E7BF21C3B6E3C0055C69D /* TCaS_MobileTests.m */,
				272E7BF41C3B6E3C0055C69D /* Info.plist */,
			);
			path = "TCaS MobileTests";
			sourceTree = "<group>";
		};
		272E7BFC1C3B6E3C0055C69D /* TCaS MobileUITests */ = {
			isa = PBXGroup;
			children = (
				272E7BFD1C3B6E3C0055C69D /* TCaS_MobileUITests.m */,
				272E7BFF1C3B6E3C0055C69D /* Info.plist */,
			);
			path = "TCaS MobileUITests";
			sourceTree = "<group>";
		};
/* End PBXGroup section */

/* Begin PBXNativeTarget section */
		272E7BD11C3B6E3B0055C69D /* TCaS Mobile */ = {
			isa = PBXNativeTarget;
			buildConfigurationList = 272E7C021C3B6E3C0055C69D /* Build configuration list for PBXNativeTarget "TCaS Mobile" */;
			buildPhases = (
				272E7BCE1C3B6E3B0055C69D /* Sources */,
				272E7BCF1C3B6E3B0055C69D /* Frameworks */,
				272E7BD01C3B6E3B0055C69D /* Resources */,
			);
			buildRules = (
			);
			dependencies = (
			);
			name = "TCaS Mobile";
			productName = "TCaS Mobile";
			productReference = 272E7BD21C3B6E3B0055C69D /* TCaS Mobile.app */;
			productType = "com.apple.product-type.application";
		};
		272E7BED1C3B6E3C0055C69D /* TCaS MobileTests */ = {
			isa = PBXNativeTarget;
			buildConfigurationList = 272E7C051C3B6E3C0055C69D /* Build configuration list for PBXNativeTarget "TCaS MobileTests" */;
			buildPhases = (
				272E7BEA1C3B6E3C0055C69D /* Sources */,
				272E7BEB1C3B6E3C0055C69D /* Frameworks */,
				272E7BEC1C3B6E3C0055C69D /* Resources */,
			);
			buildRules = (
			);
			dependencies = (
				272E7BF01C3B6E3C0055C69D /* PBXTargetDependency */,
			);
			name = "TCaS MobileTests";
			productName = "TCaS MobileTests";
			productReference = 272E7BEE1C3B6E3C0055C69D /* TCaS MobileTests.xctest */;
			productType = "com.apple.product-type.bundle.unit-test";
		};
		272E7BF81C3B6E3C0055C69D /* TCaS MobileUITests */ = {
			isa = PBXNativeTarget;
			buildConfigurationList = 272E7C081C3B6E3C0055C69D /* Build configuration list for PBXNativeTarget "TCaS MobileUITests" */;
			buildPhases = (
				272E7BF51C3B6E3C0055C69D /* Sources */,
				272E7BF61C3B6E3C0055C69D /* Frameworks */,
				272E7BF71C3B6E3C0055C69D /* Resources */,
			);
			buildRules = (
			);
			dependencies = (
				272E7BFB1C3B6E3C0055C69D /* PBXTargetDependency */,
			);
			name = "TCaS MobileUITests";
			productName = "TCaS MobileUITests";
			productReference = 272E7BF91C3B6E3C0055C69D /* TCaS MobileUITests.xctest */;
			productType = "com.apple.product-type.bundle.ui-testing";
		};
/* End PBXNativeTarget section */

/* Begin PBXProject section */
		272E7BCA1C3B6E3B0055C69D /* Project object */ = {
			isa = PBXProject;
			attributes = {
				LastUpgradeCheck = 0720;
				ORGANIZATIONNAME = "Kyle Zhou";
				TargetAttributes = {
					272E7BD11C3B6E3B0055C69D = {
						CreatedOnToolsVersion = 7.2;
					};
					272E7BED1C3B6E3C0055C69D = {
						CreatedOnToolsVersion = 7.2;
						TestTargetID = 272E7BD11C3B6E3B0055C69D;
					};
					272E7BF81C3B6E3C0055C69D = {
						CreatedOnToolsVersion = 7.2;
						TestTargetID = 272E7BD11C3B6E3B0055C69D;
					};
				};
			};
			buildConfigurationList = 272E7BCD1C3B6E3B0055C69D /* Build configuration list for PBXProject "TCaS Mobile" */;
			compatibilityVersion = "Xcode 3.2";
			developmentRegion = English;
			hasScannedForEncodings = 0;
			knownRegions = (
				en,
				Base,
			);
			mainGroup = 272E7BC91C3B6E3B0055C69D;
			productRefGroup = 272E7BD31C3B6E3B0055C69D /* Products */;
			projectDirPath = "";
			projectRoot = "";
			targets = (
				272E7BD11C3B6E3B0055C69D /* TCaS Mobile */,
				272E7BED1C3B6E3C0055C69D /* TCaS MobileTests */,
				272E7BF81C3B6E3C0055C69D /* TCaS MobileUITests */,
			);
		};
/* End PBXProject section */

/* Begin PBXResourcesBuildPhase section */
		272E7BD01C3B6E3B0055C69D /* Resources */ = {
			isa = PBXResourcesBuildPhase;
			buildActionMask = 2147483647;
			files = (
				272E7BE81C3B6E3B0055C69D /* LaunchScreen.storyboard in Resources */,
				272E7BE51C3B6E3B0055C69D /* Assets.xcassets in Resources */,
				272E7BE31C3B6E3B0055C69D /* Main.storyboard in Resources */,
			);
			runOnlyForDeploymentPostprocessing = 0;
		};
		272E7BEC1C3B6E3C0055C69D /* Resources */ = {
			isa = PBXResourcesBuildPhase;
			buildActionMask = 2147483647;
			files = (
			);
			runOnlyForDeploymentPostprocessing = 0;
		};
		272E7BF71C3B6E3C0055C69D /* Resources */ = {
			isa = PBXResourcesBuildPhase;
			buildActionMask = 2147483647;
			files = (
			);
			runOnlyForDeploymentPostprocessing = 0;
		};
/* End PBXResourcesBuildPhase section */

/* Begin PBXSourcesBuildPhase section */
		272E7BCE1C3B6E3B0055C69D /* Sources */ = {
			isa = PBXSourcesBuildPhase;
			buildActionMask = 2147483647;
			files = (
				272E7BDA1C3B6E3B0055C69D /* AppDelegate.m in Sources */,
				272E7BD71C3B6E3B0055C69D /* main.m in Sources */,
				272E7C571C3E48530055C69D /* LoginViewController.m in Sources */,
				272E7C5A1C442C3A0055C69D /* TCaSSession.m in Sources */,
			);
			runOnlyForDeploymentPostprocessing = 0;
		};
		272E7BEA1C3B6E3C0055C69D /* Sources */ = {
			isa = PBXSourcesBuildPhase;
			buildActionMask = 2147483647;
			files = (
				272E7BF31C3B6E3C0055C69D /* TCaS_MobileTests.m in Sources */,
			);
			runOnlyForDeploymentPostprocessing = 0;
		};
		272E7BF51C3B6E3C0055C69D /* Sources */ = {
			isa = PBXSourcesBuildPhase;
			buildActionMask = 2147483647;
			files = (
				272E7BFE1C3B6E3C0055C69D /* TCaS_MobileUITests.m in Sources */,
			);
			runOnlyForDeploymentPostprocessing = 0;
		};
/* End PBXSourcesBuildPhase section */

/* Begin PBXTargetDependency section */
		272E7BF01C3B6E3C0055C69D /* PBXTargetDependency */ = {
			isa = PBXTargetDependency;
			target = 272E7BD11C3B6E3B0055C69D /* TCaS Mobile */;
			targetProxy = 272E7BEF1C3B6E3C0055C69D /* PBXContainerItemProxy */;
		};
		272E7BFB1C3B6E3C0055C69D /* PBXTargetDependency */ = {
			isa = PBXTargetDependency;
			target = 272E7BD11C3B6E3B0055C69D /* TCaS Mobile */;
			targetProxy = 272E7BFA1C3B6E3C0055C69D /* PBXContainerItemProxy */;
		};
/* End PBXTargetDependency section */

/* Begin PBXVariantGroup section */
		272E7BE11C3B6E3B0055C69D /* Main.storyboard */ = {
			isa = PBXVariantGroup;
			children = (
				272E7BE21C3B6E3B0055C69D /* Base */,
			);
			name = Main.storyboard;
			sourceTree = "<group>";
		};
		272E7BE61C3B6E3B0055C69D /* LaunchScreen.storyboard */ = {
			isa = PBXVariantGroup;
			children = (
				272E7BE71C3B6E3B0055C69D /* Base */,
			);
			name = LaunchScreen.storyboard;
			sourceTree = "<group>";
		};
/* End PBXVariantGroup section */

/* Begin XCBuildConfiguration section */
		272E7C001C3B6E3C0055C69D /* Debug */ = {
			isa = XCBuildConfiguration;
			buildSettings = {
				ALWAYS_SEARCH_USER_PATHS = NO;
				CLANG_CXX_LANGUAGE_STANDARD = "gnu++0x";
				CLANG_CXX_LIBRARY = "libc++";
				CLANG_ENABLE_MODULES = YES;
				CLANG_ENABLE_OBJC_ARC = YES;
				CLANG_WARN_BOOL_CONVERSION = YES;
				CLANG_WARN_CONSTANT_CONVERSION = YES;
				CLANG_WARN_DIRECT_OBJC_ISA_USAGE = YES_ERROR;
				CLANG_WARN_EMPTY_BODY = YES;
				CLANG_WARN_ENUM_CONVERSION = YES;
				CLANG_WARN_INT_CONVERSION = YES;
				CLANG_WARN_OBJC_ROOT_CLASS = YES_ERROR;
				CLANG_WARN_UNREACHABLE_CODE = YES;
				CLANG_WARN__DUPLICATE_METHOD_MATCH = YES;
				"CODE_SIGN_IDENTITY[sdk=iphoneos*]" = "iPhone Developer";
				COPY_PHASE_STRIP = NO;
				DEBUG_INFORMATION_FORMAT = dwarf;
				ENABLE_STRICT_OBJC_MSGSEND = YES;
				ENABLE_TESTABILITY = YES;
				GCC_C_LANGUAGE_STANDARD = gnu99;
				GCC_DYNAMIC_NO_PIC = NO;
				GCC_NO_COMMON_BLOCKS = YES;
				GCC_OPTIMIZATION_LEVEL = 0;
				GCC_PREPROCESSOR_DEFINITIONS = (
					"DEBUG=1",
					"$(inherited)",
				);
				GCC_WARN_64_TO_32_BIT_CONVERSION = YES;
				GCC_WARN_ABOUT_RETURN_TYPE = YES_ERROR;
				GCC_WARN_UNDECLARED_SELECTOR = YES;
				GCC_WARN_UNINITIALIZED_AUTOS = YES_AGGRESSIVE;
				GCC_WARN_UNUSED_FUNCTION = YES;
				GCC_WARN_UNUSED_VARIABLE = YES;
				IPHONEOS_DEPLOYMENT_TARGET = 9.2;
				MTL_ENABLE_DEBUG_INFO = YES;
				ONLY_ACTIVE_ARCH = YES;
				SDKROOT = iphoneos;
				TARGETED_DEVICE_FAMILY = "1,2";
			};
			name = Debug;
		};
		272E7C011C3B6E3C0055C69D /* Release */ = {
			isa = XCBuildConfiguration;
			buildSettings = {
				ALWAYS_SEARCH_USER_PATHS = NO;
				CLANG_CXX_LANGUAGE_STANDARD = "gnu++0x";
				CLANG_CXX_LIBRARY = "libc++";
				CLANG_ENABLE_MODULES = YES;
				CLANG_ENABLE_OBJC_ARC = YES;
				CLANG_WARN_BOOL_CONVERSION = YES;
				CLANG_WARN_CONSTANT_CONVERSION = YES;
				CLANG_WARN_DIRECT_OBJC_ISA_USAGE = YES_ERROR;
				CLANG_WARN_EMPTY_BODY = YES;
				CLANG_WARN_ENUM_CONVERSION = YES;
				CLANG_WARN_INT_CONVERSION = YES;
				CLANG_WARN_OBJC_ROOT_CLASS = YES_ERROR;
				CLANG_WARN_UNREACHABLE_CODE = YES;
				CLANG_WARN__DUPLICATE_METHOD_MATCH = YES;
				"CODE_SIGN_IDENTITY[sdk=iphoneos*]" = "iPhone Developer";
				COPY_PHASE_STRIP = NO;
				DEBUG_INFORMATION_FORMAT = "dwarf-with-dsym";
				ENABLE_NS_ASSERTIONS = NO;
				ENABLE_STRICT_OBJC_MSGSEND = YES;
				GCC_C_LANGUAGE_STANDARD = gnu99;
				GCC_NO_COMMON_BLOCKS = YES;
				GCC_WARN_64_TO_32_BIT_CONVERSION = YES;
				GCC_WARN_ABOUT_RETURN_TYPE = YES_ERROR;
				GCC_WARN_UNDECLARED_SELECTOR = YES;
				GCC_WARN_UNINITIALIZED_AUTOS = YES_AGGRESSIVE;
				GCC_WARN_UNUSED_FUNCTION = YES;
				GCC_WARN_UNUSED_VARIABLE = YES;
				IPHONEOS_DEPLOYMENT_TARGET = 9.2;
				MTL_ENABLE_DEBUG_INFO = NO;
				SDKROOT = iphoneos;
				TARGETED_DEVICE_FAMILY = "1,2";
				VALIDATE_PRODUCT = YES;
			};
			name = Release;
		};
		272E7C031C3B6E3C0055C69D /* Debug */ = {
			isa = XCBuildConfiguration;
			buildSettings = {
				ASSETCATALOG_COMPILER_APPICON_NAME = AppIcon;
				CODE_SIGN_IDENTITY = "iPhone Developer";
				INFOPLIST_FILE = "TCaS Mobile/Info.plist";
				IPHONEOS_DEPLOYMENT_TARGET = 6.1;
				LD_RUNPATH_SEARCH_PATHS = "$(inherited) @executable_path/Frameworks";
				PRODUCT_BUNDLE_IDENTIFIER = "com.kylemsguy.TCaS-Mobile";
				PRODUCT_NAME = "$(TARGET_NAME)";
			};
			name = Debug;
		};
		272E7C041C3B6E3C0055C69D /* Release */ = {
			isa = XCBuildConfiguration;
			buildSettings = {
				ASSETCATALOG_COMPILER_APPICON_NAME = AppIcon;
				CODE_SIGN_IDENTITY = "iPhone Developer";
				INFOPLIST_FILE = "TCaS Mobile/Info.plist";
				IPHONEOS_DEPLOYMENT_TARGET = 6.1;
				LD_RUNPATH_SEARCH_PATHS = "$(inherited) @executable_path/Frameworks";
				PRODUCT_BUNDLE_IDENTIFIER = "com.kylemsguy.TCaS-Mobile";
				PRODUCT_NAME = "$(TARGET_NAME)";
			};
			name = Release;
		};
		272E7C061C3B6E3C0055C69D /* Debug */ = {
			isa = XCBuildConfiguration;
			buildSettings = {
				BUNDLE_LOADER = "$(TEST_HOST)";
				INFOPLIST_FILE = "TCaS MobileTests/Info.plist";
				LD_RUNPATH_SEARCH_PATHS = "$(inherited) @executable_path/Frameworks @loader_path/Frameworks";
				PRODUCT_BUNDLE_IDENTIFIER = "com.kylemsguy.TCaS-MobileTests";
				PRODUCT_NAME = "$(TARGET_NAME)";
				TEST_HOST = "$(BUILT_PRODUCTS_DIR)/TCaS Mobile.app/TCaS Mobile";
			};
			name = Debug;
		};
		272E7C071C3B6E3C0055C69D /* Release */ = {
			isa = XCBuildConfiguration;
			buildSettings = {
				BUNDLE_LOADER = "$(TEST_HOST)";
				INFOPLIST_FILE = "TCaS MobileTests/Info.plist";
				LD_RUNPATH_SEARCH_PATHS = "$(inherited) @executable_path/Frameworks @loader_path/Frameworks";
				PRODUCT_BUNDLE_IDENTIFIER = "com.kylemsguy.TCaS-MobileTests";
				PRODUCT_NAME = "$(TARGET_NAME)";
				TEST_HOST = "$(BUILT_PRODUCTS_DIR)/TCaS Mobile.app/TCaS Mobile";
			};
			name = Release;
		};
		272E7C091C3B6E3C0055C69D /* Debug */ = {
			isa = XCBuildConfiguration;
			buildSettings = {
				INFOPLIST_FILE = "TCaS MobileUITests/Info.plist";
				LD_RUNPATH_SEARCH_PATHS = "$(inherited) @executable_path/Frameworks @loader_path/Frameworks";
				PRODUCT_BUNDLE_IDENTIFIER = "com.kylemsguy.TCaS-MobileUITests";
				PRODUCT_NAME = "$(TARGET_NAME)";
				TEST_TARGET_NAME = "TCaS Mobile";
				USES_XCTRUNNER = YES;
			};
			name = Debug;
		};
		272E7C0A1C3B6E3C0055C69D /* Release */ = {
			isa = XCBuildConfiguration;
			buildSettings = {
				INFOPLIST_FILE = "TCaS MobileUITests/Info.plist";
				LD_RUNPATH_SEARCH_PATHS = "$(inherited) @executable_path/Frameworks @loader_path/Frameworks";
				PRODUCT_BUNDLE_IDENTIFIER = "com.kylemsguy.TCaS-MobileUITests";
				PRODUCT_NAME = "$(TARGET_NAME)";
				TEST_TARGET_NAME = "TCaS Mobile";
				USES_XCTRUNNER = YES;
			};
			name = Release;
		};
/* End XCBuildConfiguration section */

/* Begin XCConfigurationList section */
		272E7BCD1C3B6E3B0055C69D /* Build configuration list for PBXProject "TCaS Mobile" */ = {
			isa = XCConfigurationList;
			buildConfigurations = (
				272E7C001C3B6E3C0055C69D /* Debug */,
				272E7C011C3B6E3C0055C69D /* Release */,
			);
			defaultConfigurationIsVisible = 0;
			defaultConfigurationName = Release;
		};
		272E7C021C3B6E3C0055C69D /* Build configuration list for PBXNativeTarget "TCaS Mobile" */ = {
			isa = XCConfigurationList;
			buildConfigurations = (
				272E7C031C3B6E3C0055C69D /* Debug */,
				272E7C041C3B6E3C0055C69D /* Release */,
			);
			defaultConfigurationIsVisible = 0;
			defaultConfigurationName = Release;
		};
		272E7C051C3B6E3C0055C69D /* Build configuration list for PBXNativeTarget "TCaS MobileTests" */ = {
			isa = XCConfigurationList;
			buildConfigurations = (
				272E7C061C3B6E3C0055C69D /* Debug */,
				272E7C071C3B6E3C0055C69D /* Release */,
			);
			defaultConfigurationIsVisible = 0;
			defaultConfigurationName = Release;
		};
		272E7C081C3B6E3C0055C69D /* Build configuration list for PBXNativeTarget "TCaS MobileUITests" */ = {
			isa = XCConfigurationList;
			buildConfigurations = (
				272E7C091C3B6E3C0055C69D /* Debug */,
				272E7C0A1C3B6E3C0055C69D /* Release */,
			);
			defaultConfigurationIsVisible = 0;
			defaultConfigurationName = Release;
		};
/* End XCConfigurationList section */
	};
	rootObject = 272E7BCA1C3B6E3B0055C69D /* Project object */;
}
